
Microsoft Visual Studio Solution File, Format Version 11.00
# Visual C# Express 2010
Project("{FAE04EC0-301F-11D3-BF4B-00C04F79EFBC}") = "MouseCollector", "MouseCollector\MouseCollector.csproj", "{9D42AB2D-1584-47BC-8CA8-D63E787755D2}"
EndProject
Project("{FAE04EC0-301F-11D3-BF4B-00C04F79EFBC}") = "bugXML_Basics", "bugXML_Basics\bugXML_Basics.csproj", "{10531EA8-F3B6-46D8-8A1A-9929ABC6DF59}"
EndProject
Project("{FAE04EC0-301F-11D3-BF4B-00C04F79EFBC}") = "bugMouseTest", "bugMouseTest\bugMouseTest.csproj", "{49203B4B-1D94-4C43-9653-668CA52C0263}"
EndProject
Global
	GlobalSection(SolutionConfigurationPlatforms) = preSolution
		Debug|Any CPU = Debug|Any CPU
		Debug|Mixed Platforms = Debug|Mixed Platforms
		Debug|x86 = Debug|x86
		Release|Any CPU = Release|Any CPU
		Release|Mixed Platforms = Release|Mixed Platforms
		Release|x86 = Release|x86
	EndGlobalSection
	GlobalSection(ProjectConfigurationPlatforms) = postSolution
		{9D42AB2D-1584-47BC-8CA8-D63E787755D2}.Debug|Any CPU.ActiveCfg = Debug|x86
		{9D42AB2D-1584-47BC-8CA8-D63E787755D2}.Debug|Mixed Platforms.ActiveCfg = Debug|x86
		{9D42AB2D-1584-47BC-8CA8-D63E787755D2}.Debug|Mixed Platforms.Build.0 = Debug|x86
		{9D42AB2D-1584-47BC-8CA8-D63E787755D2}.Debug|x86.ActiveCfg = Debug|x86
		{9D42AB2D-1584-47BC-8CA8-D63E787755D2}.Debug|x86.Build.0 = Debug|x86
		{9D42AB2D-1584-47BC-8CA8-D63E787755D2}.Release|Any CPU.ActiveCfg = Release|x86
		{9D42AB2D-1584-47BC-8CA8-D63E787755D2}.Release|Mixed Platforms.ActiveCfg = Release|x86
		{9D42AB2D-1584-47BC-8CA8-D63E787755D2}.Release|Mixed Platforms.Build.0 = Release|x86
		{9D42AB2D-1584-47BC-8CA8-D63E787755D2}.Release|x86.ActiveCfg = Release|x86
		{9D42AB2D-1584-47BC-8CA8-D63E787755D2}.Release|x86.Build.0 = Release|x86
		{10531EA8-F3B6-46D8-8A1A-9929ABC6DF59}.Debug|Any CPU.ActiveCfg = Debug|Any CPU
		{10531EA8-F3B6-46D8-8A1A-9929ABC6DF59}.Debug|Any CPU.Build.0 = Debug|Any CPU
		{10531EA8-F3B6-46D8-8A1A-9929ABC6DF59}.Debug|Mixed Platforms.ActiveCfg = Debug|Any CPU
		{10531EA8-F3B6-46D8-8A1A-9929ABC6DF59}.Debug|Mixed Platforms.Build.0 = Debug|Any CPU
		{10531EA8-F3B6-46D8-8A1A-9929ABC6DF59}.Debug|x86.ActiveCfg = Debug|Any CPU
		{10531EA8-F3B6-46D8-8A1A-9929ABC6DF59}.Release|Any CPU.ActiveCfg = Release|Any CPU
		{10531EA8-F3B6-46D8-8A1A-9929ABC6DF59}.Release|Any CPU.Build.0 = Release|Any CPU
		{10531EA8-F3B6-46D8-8A1A-9929ABC6DF59}.Release|Mixed Platforms.ActiveCfg = Release|Any CPU
		{10531EA8-F3B6-46D8-8A1A-9929ABC6DF59}.Release|Mixed Platforms.Build.0 = Release|Any CPU
		{10531EA8-F3B6-46D8-8A1A-9929ABC6DF59}.Release|x86.ActiveCfg = Release|Any CPU
		{49203B4B-1D94-4C43-9653-668CA52C0263}.Debug|Any CPU.ActiveCfg = Debug|Any CPU
		{49203B4B-1D94-4C43-9653-668CA52C0263}.Debug|Any CPU.Build.0 = Debug|Any CPU
		{49203B4B-1D94-4C43-9653-668CA52C0263}.Debug|Mixed Platforms.ActiveCfg = Debug|Any CPU
		{49203B4B-1D94-4C43-9653-668CA52C0263}.Debug|Mixed Platforms.Build.0 = Debug|Any CPU
		{49203B4B-1D94-4C43-9653-668CA52C0263}.Debug|x86.ActiveCfg = Debug|Any CPU
		{49203B4B-1D94-4C43-9653-668CA52C0263}.Release|Any CPU.ActiveCfg = Release|Any CPU
		{49203B4B-1D94-4C43-9653-668CA52C0263}.Release|Any CPU.Build.0 = Release|Any CPU
		{49203B4B-1D94-4C43-9653-668CA52C0263}.Release|Mixed Platforms.ActiveCfg = Release|Any CPU
		{49203B4B-1D94-4C43-9653-668CA52C0263}.Release|Mixed Platforms.Build.0 = Release|Any CPU
		{49203B4B-1D94-4C43-9653-668CA52C0263}.Release|x86.ActiveCfg = Release|Any CPU
	EndGlobalSection
	GlobalSection(SolutionProperties) = preSolution
		HideSolutionNode = FALSE
	EndGlobalSection
EndGlobal
